
Microsoft Visual Studio Solution File, Format Version 12.00
# Visual Studio Version 16
VisualStudioVersion = 16.0.29123.88
MinimumVisualStudioVersion = 10.0.40219.1
Project("{FAE04EC0-301F-11D3-BF4B-00C04F79EFBC}") = "ClassesAndObjects", "ClassesAndObjects\ClassesAndObjects.csproj", "{35438131-615B-4203-BB07-02F9EEC26B49}"
EndProject
Global
	GlobalSection(SolutionConfigurationPlatforms) = preSolution
		Debug|Any CPU = Debug|Any CPU
		Release|Any CPU = Release|Any CPU
	EndGlobalSection
	GlobalSection(ProjectConfigurationPlatforms) = postSolution
		{35438131-615B-4203-BB07-02F9EEC26B49}.Debug|Any CPU.ActiveCfg = Debug|Any CPU
		{35438131-615B-4203-BB07-02F9EEC26B49}.Debug|Any CPU.Build.0 = Debug|Any CPU
		{35438131-615B-4203-BB07-02F9EEC26B49}.Release|Any CPU.ActiveCfg = Release|Any CPU
		{35438131-615B-4203-BB07-02F9EEC26B49}.Release|Any CPU.Build.0 = Release|Any CPU
	EndGlobalSection
	GlobalSection(SolutionProperties) = preSolution
		HideSolutionNode = FALSE
	EndGlobalSection
	GlobalSection(ExtensibilityGlobals) = postSolution
		SolutionGuid = {5755AEB7-543C-42ED-9F3F-EB1434C0A7C9}
	EndGlobalSection
EndGlobal
